
Microsoft Visual Studio Solution File, Format Version 12.00
# Visual Studio Version 17
VisualStudioVersion = 17.3.32819.101
MinimumVisualStudioVersion = 10.0.40219.1
Project("{2150E333-8FDC-42A3-9474-1A3956D46DE8}") = "src", "src", "{608AD1E3-C1A7-4CE0-9D52-377C73E39C0E}"
EndProject
Project("{2150E333-8FDC-42A3-9474-1A3956D46DE8}") = "Solution Items", "Solution Items", "{E6176E63-F279-46FD-8616-CF6B6CBBA758}"
	ProjectSection(SolutionItems) = preProject
		ServiceUrls.txt = ServiceUrls.txt
	EndProjectSection
EndProject
Project("{2150E333-8FDC-42A3-9474-1A3956D46DE8}") = "ApiGateways", "ApiGateways", "{E0C51EE2-1ABC-46DC-9CDC-F68DE66BB409}"
EndProject
Project("{2150E333-8FDC-42A3-9474-1A3956D46DE8}") = "BuildingBlocks", "BuildingBlocks", "{8174BBDB-EA28-43F8-ABFB-6C7A79C0AEBC}"
EndProject
Project("{2150E333-8FDC-42A3-9474-1A3956D46DE8}") = "Services", "Services", "{C504EF03-6B6C-4F5C-86BF-BFB6339DDC86}"
EndProject
Project("{2150E333-8FDC-42A3-9474-1A3956D46DE8}") = "WebApiGateway", "WebApiGateway", "{5723C2AF-7701-4AE1-8155-484932D9B1E9}"
EndProject
Project("{FAE04EC0-301F-11D3-BF4B-00C04F79EFBC}") = "WebApiGateway", "src\ApiGateways\WebApiGateway\WebApiGateway.csproj", "{EED58CFE-3FE8-490D-BA1B-3B19DF780DAA}"
EndProject
Project("{2150E333-8FDC-42A3-9474-1A3956D46DE8}") = "EventBus", "EventBus", "{0B7C82FF-B8AA-4A86-AB74-6676AC12D463}"
EndProject
Project("{FAE04EC0-301F-11D3-BF4B-00C04F79EFBC}") = "EventBus.Base", "src\BuildingBlocks\EventBus\EventBus.Base\EventBus.Base.csproj", "{C8789EF5-3105-4421-BCF8-BB1AB60CBC51}"
EndProject
Project("{FAE04EC0-301F-11D3-BF4B-00C04F79EFBC}") = "EventBus.Factory", "src\BuildingBlocks\EventBus\EventBus.Factory\EventBus.Factory.csproj", "{8881100D-F065-4A5D-8DF5-E2D5EA33DAB2}"
EndProject
Project("{FAE04EC0-301F-11D3-BF4B-00C04F79EFBC}") = "EventBus.RabbitMQ", "src\BuildingBlocks\EventBus\EventBus.RabbitMQ\EventBus.RabbitMQ.csproj", "{A16914DE-CF1C-4048-8AA7-56B623F9A25A}"
EndProject
Project("{2150E333-8FDC-42A3-9474-1A3956D46DE8}") = "ContactService", "ContactService", "{E45E9DAC-1D43-4A91-A67D-2DDB04C773B5}"
EndProject
Project("{FAE04EC0-301F-11D3-BF4B-00C04F79EFBC}") = "ContactService.Api", "src\Services\ContactService\ContactService.Api\ContactService.Api.csproj", "{220D608E-E64E-48E1-BEDA-FD6DB82B7D39}"
EndProject
Project("{2150E333-8FDC-42A3-9474-1A3956D46DE8}") = "ReportService", "ReportService", "{D06A776E-982C-411E-864C-EB56C48289B3}"
EndProject
Project("{FAE04EC0-301F-11D3-BF4B-00C04F79EFBC}") = "ReportService.Api", "src\Services\ReportService\ReportService.Api\ReportService.Api.csproj", "{079786F2-122A-4A9D-B190-324BBA3F25C7}"
EndProject
Project("{FAE04EC0-301F-11D3-BF4B-00C04F79EFBC}") = "ContactService.Domain", "src\Services\ContactService\ContactService.Domain\ContactService.Domain.csproj", "{3972E491-15D5-4D9C-B6D9-349054BF7B60}"
EndProject
Project("{FAE04EC0-301F-11D3-BF4B-00C04F79EFBC}") = "ContactService.Application", "src\Services\ContactService\ContactService.Application\ContactService.Application.csproj", "{B7426E84-B446-4B28-9F5F-DDB47EA0D673}"
EndProject
Project("{FAE04EC0-301F-11D3-BF4B-00C04F79EFBC}") = "ContactService.Infrastructure", "src\Services\ContactService\ContactService.Infrastructure\ContactService.Infrastructure.csproj", "{DD1EB1F2-3B0B-41EC-A946-BA9B54667652}"
EndProject
Global
	GlobalSection(SolutionConfigurationPlatforms) = preSolution
		Debug|Any CPU = Debug|Any CPU
		Release|Any CPU = Release|Any CPU
	EndGlobalSection
	GlobalSection(ProjectConfigurationPlatforms) = postSolution
		{EED58CFE-3FE8-490D-BA1B-3B19DF780DAA}.Debug|Any CPU.ActiveCfg = Debug|Any CPU
		{EED58CFE-3FE8-490D-BA1B-3B19DF780DAA}.Debug|Any CPU.Build.0 = Debug|Any CPU
		{EED58CFE-3FE8-490D-BA1B-3B19DF780DAA}.Release|Any CPU.ActiveCfg = Release|Any CPU
		{EED58CFE-3FE8-490D-BA1B-3B19DF780DAA}.Release|Any CPU.Build.0 = Release|Any CPU
		{C8789EF5-3105-4421-BCF8-BB1AB60CBC51}.Debug|Any CPU.ActiveCfg = Debug|Any CPU
		{C8789EF5-3105-4421-BCF8-BB1AB60CBC51}.Debug|Any CPU.Build.0 = Debug|Any CPU
		{C8789EF5-3105-4421-BCF8-BB1AB60CBC51}.Release|Any CPU.ActiveCfg = Release|Any CPU
		{C8789EF5-3105-4421-BCF8-BB1AB60CBC51}.Release|Any CPU.Build.0 = Release|Any CPU
		{8881100D-F065-4A5D-8DF5-E2D5EA33DAB2}.Debug|Any CPU.ActiveCfg = Debug|Any CPU
		{8881100D-F065-4A5D-8DF5-E2D5EA33DAB2}.Debug|Any CPU.Build.0 = Debug|Any CPU
		{8881100D-F065-4A5D-8DF5-E2D5EA33DAB2}.Release|Any CPU.ActiveCfg = Release|Any CPU
		{8881100D-F065-4A5D-8DF5-E2D5EA33DAB2}.Release|Any CPU.Build.0 = Release|Any CPU
		{A16914DE-CF1C-4048-8AA7-56B623F9A25A}.Debug|Any CPU.ActiveCfg = Debug|Any CPU
		{A16914DE-CF1C-4048-8AA7-56B623F9A25A}.Debug|Any CPU.Build.0 = Debug|Any CPU
		{A16914DE-CF1C-4048-8AA7-56B623F9A25A}.Release|Any CPU.ActiveCfg = Release|Any CPU
		{A16914DE-CF1C-4048-8AA7-56B623F9A25A}.Release|Any CPU.Build.0 = Release|Any CPU
		{220D608E-E64E-48E1-BEDA-FD6DB82B7D39}.Debug|Any CPU.ActiveCfg = Debug|Any CPU
		{220D608E-E64E-48E1-BEDA-FD6DB82B7D39}.Debug|Any CPU.Build.0 = Debug|Any CPU
		{220D608E-E64E-48E1-BEDA-FD6DB82B7D39}.Release|Any CPU.ActiveCfg = Release|Any CPU
		{220D608E-E64E-48E1-BEDA-FD6DB82B7D39}.Release|Any CPU.Build.0 = Release|Any CPU
		{079786F2-122A-4A9D-B190-324BBA3F25C7}.Debug|Any CPU.ActiveCfg = Debug|Any CPU
		{079786F2-122A-4A9D-B190-324BBA3F25C7}.Debug|Any CPU.Build.0 = Debug|Any CPU
		{079786F2-122A-4A9D-B190-324BBA3F25C7}.Release|Any CPU.ActiveCfg = Release|Any CPU
		{079786F2-122A-4A9D-B190-324BBA3F25C7}.Release|Any CPU.Build.0 = Release|Any CPU
		{3972E491-15D5-4D9C-B6D9-349054BF7B60}.Debug|Any CPU.ActiveCfg = Debug|Any CPU
		{3972E491-15D5-4D9C-B6D9-349054BF7B60}.Debug|Any CPU.Build.0 = Debug|Any CPU
		{3972E491-15D5-4D9C-B6D9-349054BF7B60}.Release|Any CPU.ActiveCfg = Release|Any CPU
		{3972E491-15D5-4D9C-B6D9-349054BF7B60}.Release|Any CPU.Build.0 = Release|Any CPU
		{B7426E84-B446-4B28-9F5F-DDB47EA0D673}.Debug|Any CPU.ActiveCfg = Debug|Any CPU
		{B7426E84-B446-4B28-9F5F-DDB47EA0D673}.Debug|Any CPU.Build.0 = Debug|Any CPU
		{B7426E84-B446-4B28-9F5F-DDB47EA0D673}.Release|Any CPU.ActiveCfg = Release|Any CPU
		{B7426E84-B446-4B28-9F5F-DDB47EA0D673}.Release|Any CPU.Build.0 = Release|Any CPU
		{DD1EB1F2-3B0B-41EC-A946-BA9B54667652}.Debug|Any CPU.ActiveCfg = Debug|Any CPU
		{DD1EB1F2-3B0B-41EC-A946-BA9B54667652}.Debug|Any CPU.Build.0 = Debug|Any CPU
		{DD1EB1F2-3B0B-41EC-A946-BA9B54667652}.Release|Any CPU.ActiveCfg = Release|Any CPU
		{DD1EB1F2-3B0B-41EC-A946-BA9B54667652}.Release|Any CPU.Build.0 = Release|Any CPU
	EndGlobalSection
	GlobalSection(SolutionProperties) = preSolution
		HideSolutionNode = FALSE
	EndGlobalSection
	GlobalSection(NestedProjects) = preSolution
		{E0C51EE2-1ABC-46DC-9CDC-F68DE66BB409} = {608AD1E3-C1A7-4CE0-9D52-377C73E39C0E}
		{8174BBDB-EA28-43F8-ABFB-6C7A79C0AEBC} = {608AD1E3-C1A7-4CE0-9D52-377C73E39C0E}
		{C504EF03-6B6C-4F5C-86BF-BFB6339DDC86} = {608AD1E3-C1A7-4CE0-9D52-377C73E39C0E}
		{5723C2AF-7701-4AE1-8155-484932D9B1E9} = {E0C51EE2-1ABC-46DC-9CDC-F68DE66BB409}
		{EED58CFE-3FE8-490D-BA1B-3B19DF780DAA} = {5723C2AF-7701-4AE1-8155-484932D9B1E9}
		{0B7C82FF-B8AA-4A86-AB74-6676AC12D463} = {8174BBDB-EA28-43F8-ABFB-6C7A79C0AEBC}
		{C8789EF5-3105-4421-BCF8-BB1AB60CBC51} = {0B7C82FF-B8AA-4A86-AB74-6676AC12D463}
		{8881100D-F065-4A5D-8DF5-E2D5EA33DAB2} = {0B7C82FF-B8AA-4A86-AB74-6676AC12D463}
		{A16914DE-CF1C-4048-8AA7-56B623F9A25A} = {0B7C82FF-B8AA-4A86-AB74-6676AC12D463}
		{E45E9DAC-1D43-4A91-A67D-2DDB04C773B5} = {C504EF03-6B6C-4F5C-86BF-BFB6339DDC86}
		{220D608E-E64E-48E1-BEDA-FD6DB82B7D39} = {E45E9DAC-1D43-4A91-A67D-2DDB04C773B5}
		{D06A776E-982C-411E-864C-EB56C48289B3} = {C504EF03-6B6C-4F5C-86BF-BFB6339DDC86}
		{079786F2-122A-4A9D-B190-324BBA3F25C7} = {D06A776E-982C-411E-864C-EB56C48289B3}
		{3972E491-15D5-4D9C-B6D9-349054BF7B60} = {E45E9DAC-1D43-4A91-A67D-2DDB04C773B5}
		{B7426E84-B446-4B28-9F5F-DDB47EA0D673} = {E45E9DAC-1D43-4A91-A67D-2DDB04C773B5}
		{DD1EB1F2-3B0B-41EC-A946-BA9B54667652} = {E45E9DAC-1D43-4A91-A67D-2DDB04C773B5}
	EndGlobalSection
	GlobalSection(ExtensibilityGlobals) = postSolution
		SolutionGuid = {02E7F4A5-8EC8-435D-8D0C-CD61444F4988}
	EndGlobalSection
EndGlobal
